
Microsoft Visual Studio Solution File, Format Version 12.00
# Visual Studio Version 17
VisualStudioVersion = 17.5.002.0
MinimumVisualStudioVersion = 10.0.40219.1
Project("{9A19103F-16F7-4668-BE54-9A1E7A4F7556}") = "API", "API\API.csproj", "{8CB984C0-1FAF-4E47-B355-083CD5B145E3}"
EndProject
Project("{9A19103F-16F7-4668-BE54-9A1E7A4F7556}") = "Application", "Application\Application.csproj", "{4CD7700A-DAA9-442E-8012-D3FDF204D3E1}"
EndProject
Project("{9A19103F-16F7-4668-BE54-9A1E7A4F7556}") = "Domain", "Domain\Domain.csproj", "{92097DB2-212B-458D-9175-1766340C9EE1}"
EndProject
Project("{9A19103F-16F7-4668-BE54-9A1E7A4F7556}") = "Persistence", "Persistence\Persistence.csproj", "{5C3A2C66-58FA-4D62-9D27-D362CC7BF5DE}"
EndProject
Global
	GlobalSection(SolutionConfigurationPlatforms) = preSolution
		Debug|Any CPU = Debug|Any CPU
		Release|Any CPU = Release|Any CPU
	EndGlobalSection
	GlobalSection(ProjectConfigurationPlatforms) = postSolution
		{8CB984C0-1FAF-4E47-B355-083CD5B145E3}.Debug|Any CPU.ActiveCfg = Debug|Any CPU
		{8CB984C0-1FAF-4E47-B355-083CD5B145E3}.Debug|Any CPU.Build.0 = Debug|Any CPU
		{8CB984C0-1FAF-4E47-B355-083CD5B145E3}.Release|Any CPU.ActiveCfg = Release|Any CPU
		{8CB984C0-1FAF-4E47-B355-083CD5B145E3}.Release|Any CPU.Build.0 = Release|Any CPU
		{4CD7700A-DAA9-442E-8012-D3FDF204D3E1}.Debug|Any CPU.ActiveCfg = Debug|Any CPU
		{4CD7700A-DAA9-442E-8012-D3FDF204D3E1}.Debug|Any CPU.Build.0 = Debug|Any CPU
		{4CD7700A-DAA9-442E-8012-D3FDF204D3E1}.Release|Any CPU.ActiveCfg = Release|Any CPU
		{4CD7700A-DAA9-442E-8012-D3FDF204D3E1}.Release|Any CPU.Build.0 = Release|Any CPU
		{92097DB2-212B-458D-9175-1766340C9EE1}.Debug|Any CPU.ActiveCfg = Debug|Any CPU
		{92097DB2-212B-458D-9175-1766340C9EE1}.Debug|Any CPU.Build.0 = Debug|Any CPU
		{92097DB2-212B-458D-9175-1766340C9EE1}.Release|Any CPU.ActiveCfg = Release|Any CPU
		{92097DB2-212B-458D-9175-1766340C9EE1}.Release|Any CPU.Build.0 = Release|Any CPU
		{5C3A2C66-58FA-4D62-9D27-D362CC7BF5DE}.Debug|Any CPU.ActiveCfg = Debug|Any CPU
		{5C3A2C66-58FA-4D62-9D27-D362CC7BF5DE}.Debug|Any CPU.Build.0 = Debug|Any CPU
		{5C3A2C66-58FA-4D62-9D27-D362CC7BF5DE}.Release|Any CPU.ActiveCfg = Release|Any CPU
		{5C3A2C66-58FA-4D62-9D27-D362CC7BF5DE}.Release|Any CPU.Build.0 = Release|Any CPU
	EndGlobalSection
	GlobalSection(SolutionProperties) = preSolution
		HideSolutionNode = FALSE
	EndGlobalSection
	GlobalSection(ExtensibilityGlobals) = postSolution
		SolutionGuid = {A08819D1-AD11-41E3-A56F-51CA8B055FEE}
	EndGlobalSection
EndGlobal
